
Microsoft Visual Studio Solution File, Format Version 11.00
# Visual Studio 2010
Project("{FAE04EC0-301F-11D3-BF4B-00C04F79EFBC}") = "TongueTongueRevolution", "Assembly-CSharp.csproj", "{53DDF4E5-2222-781D-9D16-7217BDFB5B7B}"
EndProject
Project("{FAE04EC0-301F-11D3-BF4B-00C04F79EFBC}") = "TongueTongueRevolution", "Assembly-CSharp-Editor.csproj", "{9C4C5E71-3C95-53C9-2B44-7B2860D5AD0D}"
EndProject
Global
	GlobalSection(SolutionConfigurationPlatforms) = preSolution
		Debug|Any CPU = Debug|Any CPU
		Release|Any CPU = Release|Any CPU
	EndGlobalSection
	GlobalSection(ProjectConfigurationPlatforms) = postSolution
		{53DDF4E5-2222-781D-9D16-7217BDFB5B7B}.Debug|Any CPU.ActiveCfg = Debug|Any CPU
		{53DDF4E5-2222-781D-9D16-7217BDFB5B7B}.Debug|Any CPU.Build.0 = Debug|Any CPU
		{53DDF4E5-2222-781D-9D16-7217BDFB5B7B}.Release|Any CPU.ActiveCfg = Release|Any CPU
		{53DDF4E5-2222-781D-9D16-7217BDFB5B7B}.Release|Any CPU.Build.0 = Release|Any CPU
		{9C4C5E71-3C95-53C9-2B44-7B2860D5AD0D}.Debug|Any CPU.ActiveCfg = Debug|Any CPU
		{9C4C5E71-3C95-53C9-2B44-7B2860D5AD0D}.Debug|Any CPU.Build.0 = Debug|Any CPU
		{9C4C5E71-3C95-53C9-2B44-7B2860D5AD0D}.Release|Any CPU.ActiveCfg = Release|Any CPU
		{9C4C5E71-3C95-53C9-2B44-7B2860D5AD0D}.Release|Any CPU.Build.0 = Release|Any CPU
	EndGlobalSection
	GlobalSection(SolutionProperties) = preSolution
		HideSolutionNode = FALSE
	EndGlobalSection
	GlobalSection(MonoDevelopProperties) = preSolution
		StartupItem = Assembly-CSharp.csproj
	EndGlobalSection
EndGlobal
